
Microsoft Visual Studio Solution File, Format Version 12.00
# Visual Studio Version 16
VisualStudioVersion = 16.0.32126.315
MinimumVisualStudioVersion = 10.0.40219.1
Project("{FAE04EC0-301F-11D3-BF4B-00C04F79EFBC}") = "WebApplication2", "WebApplication2\WebApplication2.csproj", "{5898274B-73D3-4EF3-9AB9-B0370C87310D}"
EndProject
Global
	GlobalSection(SolutionConfigurationPlatforms) = preSolution
		Debug|Any CPU = Debug|Any CPU
		Release|Any CPU = Release|Any CPU
	EndGlobalSection
	GlobalSection(ProjectConfigurationPlatforms) = postSolution
		{5898274B-73D3-4EF3-9AB9-B0370C87310D}.Debug|Any CPU.ActiveCfg = Debug|Any CPU
		{5898274B-73D3-4EF3-9AB9-B0370C87310D}.Debug|Any CPU.Build.0 = Debug|Any CPU
		{5898274B-73D3-4EF3-9AB9-B0370C87310D}.Release|Any CPU.ActiveCfg = Release|Any CPU
		{5898274B-73D3-4EF3-9AB9-B0370C87310D}.Release|Any CPU.Build.0 = Release|Any CPU
	EndGlobalSection
	GlobalSection(SolutionProperties) = preSolution
		HideSolutionNode = FALSE
	EndGlobalSection
	GlobalSection(ExtensibilityGlobals) = postSolution
		SolutionGuid = {CDD00799-1FEA-49EF-BC6A-5E20F43DC6CC}
	EndGlobalSection
EndGlobal
